{
  "name": "badges",
  "version": "1.0.0",
  "lockfileVersion": 1,
  "requires": true,
  "dependencies": {
    "@now/node": {
      "version": "1.4.1",
      "resolved": "https://registry.npmjs.org/@now/node/-/node-1.4.1.tgz",
      "integrity": "sha512-EjP/pdBMKsEMCGQ1OLLmBGnjA3QZG1erYTrMqmDVqypeQsY1UUFTY4h1C4d6WNq33qk/nMxpcJzuAhxt+nLQyg==",
      "dev": true,
      "requires": {
        "@types/node": "*"
      }
    },
    "@types/node": {
      "version": "13.7.5",
      "resolved": "https://registry.npmjs.org/@types/node/-/node-13.7.5.tgz",
      "integrity": "sha512-PfSBCTQhAQg6QBP4UhXgrZ/wQ3pjfwBr4sA7Aul+pC9XwGgm9ezrJF7OiC/I4Kf+7VPu/5ThKngAruqxyctZfA==",
      "dev": true
    }
  }
}
