{
  "name": "badges",
  "version": "1.0.0",
  "lockfileVersion": 1,
  "requires": true,
  "dependencies": {
    "@now/node": {
      "version": "1.4.1",
      "resolved": "https://registry.npmjs.org/@now/node/-/node-1.4.1.tgz",
      "integrity": "sha512-EjP/pdBMKsEMCGQ1OLLmBGnjA3QZG1erYTrMqmDVqypeQsY1UUFTY4h1C4d6WNq33qk/nMxpcJzuAhxt+nLQyg==",
      "dev": true,
      "requires": {
        "@types/node": "*"
      }
    },
    "@types/axios": {
      "version": "0.14.0",
      "resolved": "https://registry.npmjs.org/@types/axios/-/axios-0.14.0.tgz",
      "integrity": "sha1-7CMA++fX3d1+udOr+HmZlkyvzkY=",
      "dev": true,
      "requires": {
        "axios": "*"
      }
    },
    "@types/node": {
      "version": "13.7.5",
      "resolved": "https://registry.npmjs.org/@types/node/-/node-13.7.5.tgz",
      "integrity": "sha512-PfSBCTQhAQg6QBP4UhXgrZ/wQ3pjfwBr4sA7Aul+pC9XwGgm9ezrJF7OiC/I4Kf+7VPu/5ThKngAruqxyctZfA==",
      "dev": true
    },
    "@types/string-pixel-width": {
      "version": "1.7.0",
      "resolved": "https://registry.npmjs.org/@types/string-pixel-width/-/string-pixel-width-1.7.0.tgz",
      "integrity": "sha512-Q/Gs9iOe7Ch9aXkNXj1zGmmR7oZ00cxq1UAYkj/VC9dv+FQd3oqCkS9t+SgYVxfLRkN4vq8Zfj46m2szc9uB/g==",
      "dev": true
    },
    "axios": {
      "version": "0.21.1",
      "resolved": "https://registry.npmjs.org/axios/-/axios-0.21.1.tgz",
      "integrity": "sha512-dKQiRHxGD9PPRIUNIWvZhPTPpl1rf/OxTYKsqKUDjBwYylTvV7SjSHJb9ratfyzM6wCdLCOYLzs73qpg5c4iGA==",
      "requires": {
        "follow-redirects": "^1.10.0"
      }
    },
    "follow-redirects": {
      "version": "1.13.1",
      "resolved": "https://registry.npmjs.org/follow-redirects/-/follow-redirects-1.13.1.tgz",
      "integrity": "sha512-SSG5xmZh1mkPGyKzjZP8zLjltIfpW32Y5QpdNJyjcfGxK3qo3NDDkZOZSFiGn1A6SclQxY9GzEwAHQ3dmYRWpg=="
    },
    "lodash.deburr": {
      "version": "4.1.0",
      "resolved": "https://registry.npmjs.org/lodash.deburr/-/lodash.deburr-4.1.0.tgz",
      "integrity": "sha1-3bG7s+8HRYwBd7oH3hRCLLAz/5s="
    },
    "string-pixel-width": {
      "version": "1.10.0",
      "resolved": "https://registry.npmjs.org/string-pixel-width/-/string-pixel-width-1.10.0.tgz",
      "integrity": "sha512-cOMpkH+CpxWAnrPsWUvPWhZxh25CzUukweT+6WF+Kwx6+G2ksg8flvELZusLyWiZzfFCjj1+QRRGwcPWZlwVYA==",
      "requires": {
        "lodash.deburr": "^4.1.0"
      }
    }
  }
}
